# This file is autogenerated, do not edit; changes may be undone by the next 'dep ensure'.


[[projects]]
  branch = "master"
  digest = "1:61a86f0be8b466d6e3fbdabb155aaa4006137cb5e3fd3b949329d103fa0ceb0f"
  name = "golang.org/x/crypto"
  packages = [
    "ed25519",
    "ed25519/internal/edwards25519",
  ]
  pruneopts = ""
  revision = "0e37d006457bf46f9e6692014ba72ef82c33022c"

[[projects]]
  branch = "master"
  digest = "1:08e41d63f8dac84d83797368b56cf0b339e42d0224e5e56668963c28aec95685"
  name = "golang.org/x/net"
  packages = [
    "bpf",
    "context",
    "internal/iana",
    "internal/socket",
    "ipv4",
    "ipv6",
  ]
  pruneopts = ""
  revision = "4dfa2610cdf3b287375bbba5b8f2a14d3b01d8de"

[[projects]]
  branch = "master"
  digest = "1:b2ea75de0ccb2db2ac79356407f8a4cd8f798fe15d41b381c00abf3ae8e55ed1"
  name = "golang.org/x/sync"
  packages = ["errgroup"]
  pruneopts = ""
  revision = "1d60e4601c6fd243af51cc01ddf169918a5407ca"

[[projects]]
  branch = "master"
  digest = "1:dad137c4b24778e11782675f4ef8a00e9625dfe8cf063cb7d104d370c303c6cb"
  name = "golang.org/x/sys"
  packages = ["unix"]
  pruneopts = ""
  revision = "c2ed4eda69e7f62900806e4cd6e45f0429f859fa"

[solve-meta]
  analyzer-name = "dep"
  analyzer-version = 1
  input-imports = [
    "golang.org/x/crypto/ed25519",
    "golang.org/x/net/ipv4",
    "golang.org/x/net/ipv6",
    "golang.org/x/sync/errgroup",
    "golang.org/x/sys/unix",
  ]
  solver-name = "gps-cdcl"
  solver-version = 1
